// !$*UTF8*$!
{
	archiveVersion = 1;
	classes = {
	};
	objectVersion = 50;
	objects = {

/* Begin PBXBuildFile section */
		5D1F1D9820B8289E00BD47B1 /* Assets.xcassets in Resources */ = {isa = PBXBuildFile; fileRef = 5D1F1D9720B8289E00BD47B1 /* Assets.xcassets */; };
		5D1F1DA820B8289E00BD47B1 /* GLKLineKitTests.m in Sources */ = {isa = PBXBuildFile; fileRef = 5D1F1DA720B8289E00BD47B1 /* GLKLineKitTests.m */; };
		5D1F1DB320B8289E00BD47B1 /* GLKLineKitUITests.m in Sources */ = {isa = PBXBuildFile; fileRef = 5D1F1DB220B8289E00BD47B1 /* GLKLineKitUITests.m */; };
		5D1F1DCA20B82A4300BD47B1 /* ViewController.m in Sources */ = {isa = PBXBuildFile; fileRef = 5D1F1DC520B82A4300BD47B1 /* ViewController.m */; };
		5D1F1DCB20B82A4300BD47B1 /* main.m in Sources */ = {isa = PBXBuildFile; fileRef = 5D1F1DC620B82A4300BD47B1 /* main.m */; };
		5D1F1DCC20B82A4300BD47B1 /* AppDelegate.m in Sources */ = {isa = PBXBuildFile; fileRef = 5D1F1DC720B82A4300BD47B1 /* AppDelegate.m */; };
		5D1F1DD320B82BFB00BD47B1 /* UIView+CenterLoading.m in Sources */ = {isa = PBXBuildFile; fileRef = 5D1F1DD120B82BFB00BD47B1 /* UIView+CenterLoading.m */; };
		5D1F1E0B20B82C0400BD47B1 /* KLineViewConfig.m in Sources */ = {isa = PBXBuildFile; fileRef = 5D1F1DD720B82C0400BD47B1 /* KLineViewConfig.m */; };
		5D1F1E0C20B82C0400BD47B1 /* NSNumber+StringFormatter.m in Sources */ = {isa = PBXBuildFile; fileRef = 5D1F1DDB20B82C0400BD47B1 /* NSNumber+StringFormatter.m */; };
		5D1F1E0D20B82C0400BD47B1 /* NSValue+GLExtremeValue.m in Sources */ = {isa = PBXBuildFile; fileRef = 5D1F1DDE20B82C0400BD47B1 /* NSValue+GLExtremeValue.m */; };
		5D1F1E0E20B82C0400BD47B1 /* ConstantDefinition.m in Sources */ = {isa = PBXBuildFile; fileRef = 5D1F1DE020B82C0400BD47B1 /* ConstantDefinition.m */; };
		5D1F1E0F20B82C0400BD47B1 /* KLineView.m in Sources */ = {isa = PBXBuildFile; fileRef = 5D1F1DE520B82C0400BD47B1 /* KLineView.m */; };
		5D1F1E1020B82C0400BD47B1 /* KLineDataLogic.m in Sources */ = {isa = PBXBuildFile; fileRef = 5D1F1DE820B82C0400BD47B1 /* KLineDataLogic.m */; };
		5D1F1E1120B82C0400BD47B1 /* KLineIndicatorLogic.m in Sources */ = {isa = PBXBuildFile; fileRef = 5D1F1DEA20B82C0400BD47B1 /* KLineIndicatorLogic.m */; };
		5D1F1E1220B82C0400BD47B1 /* DataCenter.m in Sources */ = {isa = PBXBuildFile; fileRef = 5D1F1DED20B82C0400BD47B1 /* DataCenter.m */; };
		5D1F1E1320B82C0400BD47B1 /* KLineVolDrawLogic.m in Sources */ = {isa = PBXBuildFile; fileRef = 5D1F1DF020B82C0400BD47B1 /* KLineVolDrawLogic.m */; };
		5D1F1E1420B82C0400BD47B1 /* KLineDrawLogic.m in Sources */ = {isa = PBXBuildFile; fileRef = 5D1F1DF320B82C0400BD47B1 /* KLineDrawLogic.m */; };
		5D1F1E1520B82C0400BD47B1 /* KLineVolMADrawLogic.m in Sources */ = {isa = PBXBuildFile; fileRef = 5D1F1DF520B82C0400BD47B1 /* KLineVolMADrawLogic.m */; };
		5D1F1E1620B82C0400BD47B1 /* KLineMADrawLogic.m in Sources */ = {isa = PBXBuildFile; fileRef = 5D1F1DFA20B82C0400BD47B1 /* KLineMADrawLogic.m */; };
		5D1F1E1720B82C0400BD47B1 /* BaseDrawLogic.m in Sources */ = {isa = PBXBuildFile; fileRef = 5D1F1DFB20B82C0400BD47B1 /* BaseDrawLogic.m */; };
		5D1F1E1820B82C0400BD47B1 /* KLineRSIDrawLogic.m in Sources */ = {isa = PBXBuildFile; fileRef = 5D1F1DFC20B82C0400BD47B1 /* KLineRSIDrawLogic.m */; };
		5D1F1E1920B82C0400BD47B1 /* KLineMACDDrawLogic.m in Sources */ = {isa = PBXBuildFile; fileRef = 5D1F1DFD20B82C0400BD47B1 /* KLineMACDDrawLogic.m */; };
		5D1F1E1A20B82C0400BD47B1 /* KLineBOLLDrawLogic.m in Sources */ = {isa = PBXBuildFile; fileRef = 5D1F1E0020B82C0400BD47B1 /* KLineBOLLDrawLogic.m */; };
		5D1F1E1B20B82C0400BD47B1 /* KLineTimeDrawLogic.m in Sources */ = {isa = PBXBuildFile; fileRef = 5D1F1E0420B82C0400BD47B1 /* KLineTimeDrawLogic.m */; };
		5D1F1E1C20B82C0400BD47B1 /* KLineKDJDrawLogic.m in Sources */ = {isa = PBXBuildFile; fileRef = 5D1F1E0520B82C0400BD47B1 /* KLineKDJDrawLogic.m */; };
		5D1F1E1D20B82C0400BD47B1 /* KLineBGDrawLogic.m in Sources */ = {isa = PBXBuildFile; fileRef = 5D1F1E0620B82C0400BD47B1 /* KLineBGDrawLogic.m */; };
		5D1F1E1E20B82C0400BD47B1 /* KLineModel.m in Sources */ = {isa = PBXBuildFile; fileRef = 5D1F1E0820B82C0400BD47B1 /* KLineModel.m */; };
		5D1F1E2520B8375E00BD47B1 /* PortraitTestController.m in Sources */ = {isa = PBXBuildFile; fileRef = 5D1F1E2420B8375E00BD47B1 /* PortraitTestController.m */; };
		5D1F1E2820B8378100BD47B1 /* LandscapeController.m in Sources */ = {isa = PBXBuildFile; fileRef = 5D1F1E2720B8378100BD47B1 /* LandscapeController.m */; };
		5D1F1E2B20B837AC00BD47B1 /* BothController.m in Sources */ = {isa = PBXBuildFile; fileRef = 5D1F1E2A20B837AC00BD47B1 /* BothController.m */; };
		5D1F1E2E20B8385600BD47B1 /* KLineDataProcess.m in Sources */ = {isa = PBXBuildFile; fileRef = 5D1F1E2D20B8385600BD47B1 /* KLineDataProcess.m */; };
		5D1F1E3120B83AE500BD47B1 /* SimpleKLineVolView.m in Sources */ = {isa = PBXBuildFile; fileRef = 5D1F1E3020B83AE500BD47B1 /* SimpleKLineVolView.m */; };
		5DE0140820B84310006CE8D3 /* KLineVolViewConfig.m in Sources */ = {isa = PBXBuildFile; fileRef = 5DE0140720B84310006CE8D3 /* KLineVolViewConfig.m */; };
		5DE110E020B83F3800277399 /* Info.plist in Resources */ = {isa = PBXBuildFile; fileRef = 5D1F1DC820B82A4300BD47B1 /* Info.plist */; };
		5DE110E120B83F4600277399 /* LaunchScreen.storyboard in Resources */ = {isa = PBXBuildFile; fileRef = 5D1F1D9920B8289E00BD47B1 /* LaunchScreen.storyboard */; };
/* End PBXBuildFile section */

/* Begin PBXContainerItemProxy section */
		5D1F1DA420B8289E00BD47B1 /* PBXContainerItemProxy */ = {
			isa = PBXContainerItemProxy;
			containerPortal = 5D1F1D8320B8289D00BD47B1 /* Project object */;
			proxyType = 1;
			remoteGlobalIDString = 5D1F1D8A20B8289D00BD47B1;
			remoteInfo = GLKLineKit;
		};
		5D1F1DAF20B8289E00BD47B1 /* PBXContainerItemProxy */ = {
			isa = PBXContainerItemProxy;
			containerPortal = 5D1F1D8320B8289D00BD47B1 /* Project object */;
			proxyType = 1;
			remoteGlobalIDString = 5D1F1D8A20B8289D00BD47B1;
			remoteInfo = GLKLineKit;
		};
/* End PBXContainerItemProxy section */

/* Begin PBXFileReference section */
		5D1F1D8B20B8289D00BD47B1 /* GLKLineKit.app */ = {isa = PBXFileReference; explicitFileType = wrapper.application; includeInIndex = 0; path = GLKLineKit.app; sourceTree = BUILT_PRODUCTS_DIR; };
		5D1F1D9720B8289E00BD47B1 /* Assets.xcassets */ = {isa = PBXFileReference; lastKnownFileType = folder.assetcatalog; path = Assets.xcassets; sourceTree = "<group>"; };
		5D1F1D9A20B8289E00BD47B1 /* Base */ = {isa = PBXFileReference; lastKnownFileType = file.storyboard; name = Base; path = Base.lproj/LaunchScreen.storyboard; sourceTree = "<group>"; };
		5D1F1DA320B8289E00BD47B1 /* GLKLineKitTests.xctest */ = {isa = PBXFileReference; explicitFileType = wrapper.cfbundle; includeInIndex = 0; path = GLKLineKitTests.xctest; sourceTree = BUILT_PRODUCTS_DIR; };
		5D1F1DA720B8289E00BD47B1 /* GLKLineKitTests.m */ = {isa = PBXFileReference; lastKnownFileType = sourcecode.c.objc; path = GLKLineKitTests.m; sourceTree = "<group>"; };
		5D1F1DA920B8289E00BD47B1 /* Info.plist */ = {isa = PBXFileReference; lastKnownFileType = text.plist.xml; path = Info.plist; sourceTree = "<group>"; };
		5D1F1DAE20B8289E00BD47B1 /* GLKLineKitUITests.xctest */ = {isa = PBXFileReference; explicitFileType = wrapper.cfbundle; includeInIndex = 0; path = GLKLineKitUITests.xctest; sourceTree = BUILT_PRODUCTS_DIR; };
		5D1F1DB220B8289E00BD47B1 /* GLKLineKitUITests.m */ = {isa = PBXFileReference; lastKnownFileType = sourcecode.c.objc; path = GLKLineKitUITests.m; sourceTree = "<group>"; };
		5D1F1DB420B8289E00BD47B1 /* Info.plist */ = {isa = PBXFileReference; lastKnownFileType = text.plist.xml; path = Info.plist; sourceTree = "<group>"; };
		5D1F1DC420B82A4300BD47B1 /* AppDelegate.h */ = {isa = PBXFileReference; fileEncoding = 4; lastKnownFileType = sourcecode.c.h; path = AppDelegate.h; sourceTree = "<group>"; };
		5D1F1DC520B82A4300BD47B1 /* ViewController.m */ = {isa = PBXFileReference; fileEncoding = 4; lastKnownFileType = sourcecode.c.objc; path = ViewController.m; sourceTree = "<group>"; };
		5D1F1DC620B82A4300BD47B1 /* main.m */ = {isa = PBXFileReference; fileEncoding = 4; lastKnownFileType = sourcecode.c.objc; path = main.m; sourceTree = "<group>"; };
		5D1F1DC720B82A4300BD47B1 /* AppDelegate.m */ = {isa = PBXFileReference; fileEncoding = 4; lastKnownFileType = sourcecode.c.objc; path = AppDelegate.m; sourceTree = "<group>"; };
		5D1F1DC820B82A4300BD47B1 /* Info.plist */ = {isa = PBXFileReference; fileEncoding = 4; lastKnownFileType = text.plist.xml; path = Info.plist; sourceTree = "<group>"; };
		5D1F1DC920B82A4300BD47B1 /* ViewController.h */ = {isa = PBXFileReference; fileEncoding = 4; lastKnownFileType = sourcecode.c.h; path = ViewController.h; sourceTree = "<group>"; };
		5D1F1DD120B82BFB00BD47B1 /* UIView+CenterLoading.m */ = {isa = PBXFileReference; fileEncoding = 4; lastKnownFileType = sourcecode.c.objc; path = "UIView+CenterLoading.m"; sourceTree = "<group>"; };
		5D1F1DD220B82BFB00BD47B1 /* UIView+CenterLoading.h */ = {isa = PBXFileReference; fileEncoding = 4; lastKnownFileType = sourcecode.c.h; path = "UIView+CenterLoading.h"; sourceTree = "<group>"; };
		5D1F1DD620B82C0400BD47B1 /* KLineViewProtocol.h */ = {isa = PBXFileReference; fileEncoding = 4; lastKnownFileType = sourcecode.c.h; path = KLineViewProtocol.h; sourceTree = "<group>"; };
		5D1F1DD720B82C0400BD47B1 /* KLineViewConfig.m */ = {isa = PBXFileReference; fileEncoding = 4; lastKnownFileType = sourcecode.c.objc; path = KLineViewConfig.m; sourceTree = "<group>"; };
		5D1F1DD920B82C0400BD47B1 /* KLineViewConfig.h */ = {isa = PBXFileReference; fileEncoding = 4; lastKnownFileType = sourcecode.c.h; path = KLineViewConfig.h; sourceTree = "<group>"; };
		5D1F1DDB20B82C0400BD47B1 /* NSNumber+StringFormatter.m */ = {isa = PBXFileReference; fileEncoding = 4; lastKnownFileType = sourcecode.c.objc; path = "NSNumber+StringFormatter.m"; sourceTree = "<group>"; };
		5D1F1DDC20B82C0400BD47B1 /* NSValue+GLExtremeValue.h */ = {isa = PBXFileReference; fileEncoding = 4; lastKnownFileType = sourcecode.c.h; path = "NSValue+GLExtremeValue.h"; sourceTree = "<group>"; };
		5D1F1DDD20B82C0400BD47B1 /* NSNumber+StringFormatter.h */ = {isa = PBXFileReference; fileEncoding = 4; lastKnownFileType = sourcecode.c.h; path = "NSNumber+StringFormatter.h"; sourceTree = "<group>"; };
		5D1F1DDE20B82C0400BD47B1 /* NSValue+GLExtremeValue.m */ = {isa = PBXFileReference; fileEncoding = 4; lastKnownFileType = sourcecode.c.objc; path = "NSValue+GLExtremeValue.m"; sourceTree = "<group>"; };
		5D1F1DE020B82C0400BD47B1 /* ConstantDefinition.m */ = {isa = PBXFileReference; fileEncoding = 4; lastKnownFileType = sourcecode.c.objc; path = ConstantDefinition.m; sourceTree = "<group>"; };
		5D1F1DE220B82C0400BD47B1 /* ConstantDefinition.h */ = {isa = PBXFileReference; fileEncoding = 4; lastKnownFileType = sourcecode.c.h; path = ConstantDefinition.h; sourceTree = "<group>"; };
		5D1F1DE420B82C0400BD47B1 /* KLineView.h */ = {isa = PBXFileReference; fileEncoding = 4; lastKnownFileType = sourcecode.c.h; path = KLineView.h; sourceTree = "<group>"; };
		5D1F1DE520B82C0400BD47B1 /* KLineView.m */ = {isa = PBXFileReference; fileEncoding = 4; lastKnownFileType = sourcecode.c.objc; path = KLineView.m; sourceTree = "<group>"; };
		5D1F1DE720B82C0400BD47B1 /* KLineIndicatorLogic.h */ = {isa = PBXFileReference; fileEncoding = 4; lastKnownFileType = sourcecode.c.h; path = KLineIndicatorLogic.h; sourceTree = "<group>"; };
		5D1F1DE820B82C0400BD47B1 /* KLineDataLogic.m */ = {isa = PBXFileReference; fileEncoding = 4; lastKnownFileType = sourcecode.c.objc; path = KLineDataLogic.m; sourceTree = "<group>"; };
		5D1F1DE920B82C0400BD47B1 /* KLineDataLogic.h */ = {isa = PBXFileReference; fileEncoding = 4; lastKnownFileType = sourcecode.c.h; path = KLineDataLogic.h; sourceTree = "<group>"; };
		5D1F1DEA20B82C0400BD47B1 /* KLineIndicatorLogic.m */ = {isa = PBXFileReference; fileEncoding = 4; lastKnownFileType = sourcecode.c.objc; path = KLineIndicatorLogic.m; sourceTree = "<group>"; };
		5D1F1DEC20B82C0400BD47B1 /* DataCenterProtocol.h */ = {isa = PBXFileReference; fileEncoding = 4; lastKnownFileType = sourcecode.c.h; path = DataCenterProtocol.h; sourceTree = "<group>"; };
		5D1F1DED20B82C0400BD47B1 /* DataCenter.m */ = {isa = PBXFileReference; fileEncoding = 4; lastKnownFileType = sourcecode.c.objc; path = DataCenter.m; sourceTree = "<group>"; };
		5D1F1DEE20B82C0400BD47B1 /* DataCenter.h */ = {isa = PBXFileReference; fileEncoding = 4; lastKnownFileType = sourcecode.c.h; path = DataCenter.h; sourceTree = "<group>"; };
		5D1F1DF020B82C0400BD47B1 /* KLineVolDrawLogic.m */ = {isa = PBXFileReference; fileEncoding = 4; lastKnownFileType = sourcecode.c.objc; path = KLineVolDrawLogic.m; sourceTree = "<group>"; };
		5D1F1DF120B82C0400BD47B1 /* KLineMACDDrawLogic.h */ = {isa = PBXFileReference; fileEncoding = 4; lastKnownFileType = sourcecode.c.h; path = KLineMACDDrawLogic.h; sourceTree = "<group>"; };
		5D1F1DF220B82C0400BD47B1 /* KLineRSIDrawLogic.h */ = {isa = PBXFileReference; fileEncoding = 4; lastKnownFileType = sourcecode.c.h; path = KLineRSIDrawLogic.h; sourceTree = "<group>"; };
		5D1F1DF320B82C0400BD47B1 /* KLineDrawLogic.m */ = {isa = PBXFileReference; fileEncoding = 4; lastKnownFileType = sourcecode.c.objc; path = KLineDrawLogic.m; sourceTree = "<group>"; };
		5D1F1DF420B82C0400BD47B1 /* KLineBOLLDrawLogic.h */ = {isa = PBXFileReference; fileEncoding = 4; lastKnownFileType = sourcecode.c.h; path = KLineBOLLDrawLogic.h; sourceTree = "<group>"; };
		5D1F1DF520B82C0400BD47B1 /* KLineVolMADrawLogic.m */ = {isa = PBXFileReference; fileEncoding = 4; lastKnownFileType = sourcecode.c.objc; path = KLineVolMADrawLogic.m; sourceTree = "<group>"; };
		5D1F1DF620B82C0400BD47B1 /* ChartDrawProtocol.h */ = {isa = PBXFileReference; fileEncoding = 4; lastKnownFileType = sourcecode.c.h; path = ChartDrawProtocol.h; sourceTree = "<group>"; };
		5D1F1DF720B82C0400BD47B1 /* KLineBGDrawLogic.h */ = {isa = PBXFileReference; fileEncoding = 4; lastKnownFileType = sourcecode.c.h; path = KLineBGDrawLogic.h; sourceTree = "<group>"; };
		5D1F1DF820B82C0400BD47B1 /* KLineKDJDrawLogic.h */ = {isa = PBXFileReference; fileEncoding = 4; lastKnownFileType = sourcecode.c.h; path = KLineKDJDrawLogic.h; sourceTree = "<group>"; };
		5D1F1DF920B82C0400BD47B1 /* KLineTimeDrawLogic.h */ = {isa = PBXFileReference; fileEncoding = 4; lastKnownFileType = sourcecode.c.h; path = KLineTimeDrawLogic.h; sourceTree = "<group>"; };
		5D1F1DFA20B82C0400BD47B1 /* KLineMADrawLogic.m */ = {isa = PBXFileReference; fileEncoding = 4; lastKnownFileType = sourcecode.c.objc; path = KLineMADrawLogic.m; sourceTree = "<group>"; };
		5D1F1DFB20B82C0400BD47B1 /* BaseDrawLogic.m */ = {isa = PBXFileReference; fileEncoding = 4; lastKnownFileType = sourcecode.c.objc; path = BaseDrawLogic.m; sourceTree = "<group>"; };
		5D1F1DFC20B82C0400BD47B1 /* KLineRSIDrawLogic.m */ = {isa = PBXFileReference; fileEncoding = 4; lastKnownFileType = sourcecode.c.objc; path = KLineRSIDrawLogic.m; sourceTree = "<group>"; };
		5D1F1DFD20B82C0400BD47B1 /* KLineMACDDrawLogic.m */ = {isa = PBXFileReference; fileEncoding = 4; lastKnownFileType = sourcecode.c.objc; path = KLineMACDDrawLogic.m; sourceTree = "<group>"; };
		5D1F1DFE20B82C0400BD47B1 /* KLineVolDrawLogic.h */ = {isa = PBXFileReference; fileEncoding = 4; lastKnownFileType = sourcecode.c.h; path = KLineVolDrawLogic.h; sourceTree = "<group>"; };
		5D1F1DFF20B82C0400BD47B1 /* KLineVolMADrawLogic.h */ = {isa = PBXFileReference; fileEncoding = 4; lastKnownFileType = sourcecode.c.h; path = KLineVolMADrawLogic.h; sourceTree = "<group>"; };
		5D1F1E0020B82C0400BD47B1 /* KLineBOLLDrawLogic.m */ = {isa = PBXFileReference; fileEncoding = 4; lastKnownFileType = sourcecode.c.objc; path = KLineBOLLDrawLogic.m; sourceTree = "<group>"; };
		5D1F1E0120B82C0400BD47B1 /* KLineDrawLogic.h */ = {isa = PBXFileReference; fileEncoding = 4; lastKnownFileType = sourcecode.c.h; path = KLineDrawLogic.h; sourceTree = "<group>"; };
		5D1F1E0220B82C0400BD47B1 /* KLineMADrawLogic.h */ = {isa = PBXFileReference; fileEncoding = 4; lastKnownFileType = sourcecode.c.h; path = KLineMADrawLogic.h; sourceTree = "<group>"; };
		5D1F1E0320B82C0400BD47B1 /* BaseDrawLogic.h */ = {isa = PBXFileReference; fileEncoding = 4; lastKnownFileType = sourcecode.c.h; path = BaseDrawLogic.h; sourceTree = "<group>"; };
		5D1F1E0420B82C0400BD47B1 /* KLineTimeDrawLogic.m */ = {isa = PBXFileReference; fileEncoding = 4; lastKnownFileType = sourcecode.c.objc; path = KLineTimeDrawLogic.m; sourceTree = "<group>"; };
		5D1F1E0520B82C0400BD47B1 /* KLineKDJDrawLogic.m */ = {isa = PBXFileReference; fileEncoding = 4; lastKnownFileType = sourcecode.c.objc; path = KLineKDJDrawLogic.m; sourceTree = "<group>"; };
		5D1F1E0620B82C0400BD47B1 /* KLineBGDrawLogic.m */ = {isa = PBXFileReference; fileEncoding = 4; lastKnownFileType = sourcecode.c.objc; path = KLineBGDrawLogic.m; sourceTree = "<group>"; };
		5D1F1E0820B82C0400BD47B1 /* KLineModel.m */ = {isa = PBXFileReference; fileEncoding = 4; lastKnownFileType = sourcecode.c.objc; path = KLineModel.m; sourceTree = "<group>"; };
		5D1F1E0920B82C0400BD47B1 /* KLineModel.h */ = {isa = PBXFileReference; fileEncoding = 4; lastKnownFileType = sourcecode.c.h; path = KLineModel.h; sourceTree = "<group>"; };
		5D1F1E2220B82EF400BD47B1 /* PrefixHeader.pch */ = {isa = PBXFileReference; lastKnownFileType = sourcecode.c.h; path = PrefixHeader.pch; sourceTree = "<group>"; };
		5D1F1E2320B8375E00BD47B1 /* PortraitTestController.h */ = {isa = PBXFileReference; lastKnownFileType = sourcecode.c.h; path = PortraitTestController.h; sourceTree = "<group>"; };
		5D1F1E2420B8375E00BD47B1 /* PortraitTestController.m */ = {isa = PBXFileReference; lastKnownFileType = sourcecode.c.objc; path = PortraitTestController.m; sourceTree = "<group>"; };
		5D1F1E2620B8378100BD47B1 /* LandscapeController.h */ = {isa = PBXFileReference; lastKnownFileType = sourcecode.c.h; path = LandscapeController.h; sourceTree = "<group>"; };
		5D1F1E2720B8378100BD47B1 /* LandscapeController.m */ = {isa = PBXFileReference; lastKnownFileType = sourcecode.c.objc; path = LandscapeController.m; sourceTree = "<group>"; };
		5D1F1E2920B837AC00BD47B1 /* BothController.h */ = {isa = PBXFileReference; lastKnownFileType = sourcecode.c.h; path = BothController.h; sourceTree = "<group>"; };
		5D1F1E2A20B837AC00BD47B1 /* BothController.m */ = {isa = PBXFileReference; lastKnownFileType = sourcecode.c.objc; path = BothController.m; sourceTree = "<group>"; };
		5D1F1E2C20B8385600BD47B1 /* KLineDataProcess.h */ = {isa = PBXFileReference; lastKnownFileType = sourcecode.c.h; path = KLineDataProcess.h; sourceTree = "<group>"; };
		5D1F1E2D20B8385600BD47B1 /* KLineDataProcess.m */ = {isa = PBXFileReference; lastKnownFileType = sourcecode.c.objc; path = KLineDataProcess.m; sourceTree = "<group>"; };
		5D1F1E2F20B83AE500BD47B1 /* SimpleKLineVolView.h */ = {isa = PBXFileReference; lastKnownFileType = sourcecode.c.h; path = SimpleKLineVolView.h; sourceTree = "<group>"; };
		5D1F1E3020B83AE500BD47B1 /* SimpleKLineVolView.m */ = {isa = PBXFileReference; lastKnownFileType = sourcecode.c.objc; path = SimpleKLineVolView.m; sourceTree = "<group>"; };
		5DE0140620B84310006CE8D3 /* KLineVolViewConfig.h */ = {isa = PBXFileReference; lastKnownFileType = sourcecode.c.h; path = KLineVolViewConfig.h; sourceTree = "<group>"; };
		5DE0140720B84310006CE8D3 /* KLineVolViewConfig.m */ = {isa = PBXFileReference; lastKnownFileType = sourcecode.c.objc; path = KLineVolViewConfig.m; sourceTree = "<group>"; };
		5DE0140920B844F5006CE8D3 /* GLKLineKit.h */ = {isa = PBXFileReference; lastKnownFileType = sourcecode.c.h; path = GLKLineKit.h; sourceTree = "<group>"; };
/* End PBXFileReference section */

/* Begin PBXFrameworksBuildPhase section */
		5D1F1D8820B8289D00BD47B1 /* Frameworks */ = {
			isa = PBXFrameworksBuildPhase;
			buildActionMask = 2147483647;
			files = (
			);
			runOnlyForDeploymentPostprocessing = 0;
		};
		5D1F1DA020B8289E00BD47B1 /* Frameworks */ = {
			isa = PBXFrameworksBuildPhase;
			buildActionMask = 2147483647;
			files = (
			);
			runOnlyForDeploymentPostprocessing = 0;
		};
		5D1F1DAB20B8289E00BD47B1 /* Frameworks */ = {
			isa = PBXFrameworksBuildPhase;
			buildActionMask = 2147483647;
			files = (
			);
			runOnlyForDeploymentPostprocessing = 0;
		};
/* End PBXFrameworksBuildPhase section */

/* Begin PBXGroup section */
		5D1F1D8220B8289D00BD47B1 = {
			isa = PBXGroup;
			children = (
				5D1F1D8D20B8289D00BD47B1 /* GLKLineKit */,
				5D1F1DA620B8289E00BD47B1 /* GLKLineKitTests */,
				5D1F1DB120B8289E00BD47B1 /* GLKLineKitUITests */,
				5D1F1D8C20B8289D00BD47B1 /* Products */,
			);
			sourceTree = "<group>";
		};
		5D1F1D8C20B8289D00BD47B1 /* Products */ = {
			isa = PBXGroup;
			children = (
				5D1F1D8B20B8289D00BD47B1 /* GLKLineKit.app */,
				5D1F1DA320B8289E00BD47B1 /* GLKLineKitTests.xctest */,
				5D1F1DAE20B8289E00BD47B1 /* GLKLineKitUITests.xctest */,
			);
			name = Products;
			sourceTree = "<group>";
		};
		5D1F1D8D20B8289D00BD47B1 /* GLKLineKit */ = {
			isa = PBXGroup;
			children = (
				5D1F1DCE20B82A4E00BD47B1 /* KLineKit */,
				5D1F1DCF20B82BEE00BD47B1 /* Category */,
				5D1F1DC220B82A3C00BD47B1 /* Example */,
				5D1F1DC320B82A4300BD47B1 /* Main */,
				5D1F1D9720B8289E00BD47B1 /* Assets.xcassets */,
				5D1F1D9920B8289E00BD47B1 /* LaunchScreen.storyboard */,
			);
			path = GLKLineKit;
			sourceTree = "<group>";
		};
		5D1F1DA620B8289E00BD47B1 /* GLKLineKitTests */ = {
			isa = PBXGroup;
			children = (
				5D1F1DA720B8289E00BD47B1 /* GLKLineKitTests.m */,
				5D1F1DA920B8289E00BD47B1 /* Info.plist */,
			);
			path = GLKLineKitTests;
			sourceTree = "<group>";
		};
		5D1F1DB120B8289E00BD47B1 /* GLKLineKitUITests */ = {
			isa = PBXGroup;
			children = (
				5D1F1DB220B8289E00BD47B1 /* GLKLineKitUITests.m */,
				5D1F1DB420B8289E00BD47B1 /* Info.plist */,
			);
			path = GLKLineKitUITests;
			sourceTree = "<group>";
		};
		5D1F1DC220B82A3C00BD47B1 /* Example */ = {
			isa = PBXGroup;
			children = (
				5D1F1E2120B82E6D00BD47B1 /* DataProcess */,
				5D1F1E2020B82E6600BD47B1 /* ViewController */,
				5D1F1E1F20B82C6F00BD47B1 /* CustomKLineView */,
			);
			path = Example;
			sourceTree = "<group>";
		};
		5D1F1DC320B82A4300BD47B1 /* Main */ = {
			isa = PBXGroup;
			children = (
				5D1F1DC420B82A4300BD47B1 /* AppDelegate.h */,
				5D1F1DC720B82A4300BD47B1 /* AppDelegate.m */,
				5D1F1DC920B82A4300BD47B1 /* ViewController.h */,
				5D1F1DC520B82A4300BD47B1 /* ViewController.m */,
				5D1F1DC620B82A4300BD47B1 /* main.m */,
				5D1F1DC820B82A4300BD47B1 /* Info.plist */,
				5D1F1E2220B82EF400BD47B1 /* PrefixHeader.pch */,
			);
			path = Main;
			sourceTree = "<group>";
		};
		5D1F1DCE20B82A4E00BD47B1 /* KLineKit */ = {
			isa = PBXGroup;
			children = (
				5D1F1DDF20B82C0400BD47B1 /* Header */,
				5D1F1DDA20B82C0400BD47B1 /* UtilityTool */,
				5D1F1DD420B82C0400BD47B1 /* Config */,
				5D1F1DEB20B82C0400BD47B1 /* DataCenter */,
				5D1F1DEF20B82C0400BD47B1 /* DrawLogic */,
				5D1F1DE620B82C0400BD47B1 /* KLineDataLogic */,
				5D1F1E0720B82C0400BD47B1 /* Model */,
				5D1F1DE320B82C0400BD47B1 /* View */,
			);
			path = KLineKit;
			sourceTree = "<group>";
		};
		5D1F1DCF20B82BEE00BD47B1 /* Category */ = {
			isa = PBXGroup;
			children = (
				5D1F1DD020B82BFB00BD47B1 /* CenterLoading */,
			);
			path = Category;
			sourceTree = "<group>";
		};
		5D1F1DD020B82BFB00BD47B1 /* CenterLoading */ = {
			isa = PBXGroup;
			children = (
				5D1F1DD220B82BFB00BD47B1 /* UIView+CenterLoading.h */,
				5D1F1DD120B82BFB00BD47B1 /* UIView+CenterLoading.m */,
			);
			path = CenterLoading;
			sourceTree = "<group>";
		};
		5D1F1DD420B82C0400BD47B1 /* Config */ = {
			isa = PBXGroup;
			children = (
				5D1F1DD620B82C0400BD47B1 /* KLineViewProtocol.h */,
				5D1F1DD920B82C0400BD47B1 /* KLineViewConfig.h */,
				5D1F1DD720B82C0400BD47B1 /* KLineViewConfig.m */,
				5DE0140620B84310006CE8D3 /* KLineVolViewConfig.h */,
				5DE0140720B84310006CE8D3 /* KLineVolViewConfig.m */,
			);
			path = Config;
			sourceTree = "<group>";
		};
		5D1F1DDA20B82C0400BD47B1 /* UtilityTool */ = {
			isa = PBXGroup;
			children = (
				5D1F1DDD20B82C0400BD47B1 /* NSNumber+StringFormatter.h */,
				5D1F1DDB20B82C0400BD47B1 /* NSNumber+StringFormatter.m */,
				5D1F1DDC20B82C0400BD47B1 /* NSValue+GLExtremeValue.h */,
				5D1F1DDE20B82C0400BD47B1 /* NSValue+GLExtremeValue.m */,
			);
			path = UtilityTool;
			sourceTree = "<group>";
		};
		5D1F1DDF20B82C0400BD47B1 /* Header */ = {
			isa = PBXGroup;
			children = (
				5DE0140920B844F5006CE8D3 /* GLKLineKit.h */,
				5D1F1DE220B82C0400BD47B1 /* ConstantDefinition.h */,
				5D1F1DE020B82C0400BD47B1 /* ConstantDefinition.m */,
			);
			path = Header;
			sourceTree = "<group>";
		};
		5D1F1DE320B82C0400BD47B1 /* View */ = {
			isa = PBXGroup;
			children = (
				5D1F1DE420B82C0400BD47B1 /* KLineView.h */,
				5D1F1DE520B82C0400BD47B1 /* KLineView.m */,
			);
			path = View;
			sourceTree = "<group>";
		};
		5D1F1DE620B82C0400BD47B1 /* KLineDataLogic */ = {
			isa = PBXGroup;
			children = (
				5D1F1DE920B82C0400BD47B1 /* KLineDataLogic.h */,
				5D1F1DE820B82C0400BD47B1 /* KLineDataLogic.m */,
				5D1F1DE720B82C0400BD47B1 /* KLineIndicatorLogic.h */,
				5D1F1DEA20B82C0400BD47B1 /* KLineIndicatorLogic.m */,
			);
			path = KLineDataLogic;
			sourceTree = "<group>";
		};
		5D1F1DEB20B82C0400BD47B1 /* DataCenter */ = {
			isa = PBXGroup;
			children = (
				5D1F1DEC20B82C0400BD47B1 /* DataCenterProtocol.h */,
				5D1F1DEE20B82C0400BD47B1 /* DataCenter.h */,
				5D1F1DED20B82C0400BD47B1 /* DataCenter.m */,
			);
			path = DataCenter;
			sourceTree = "<group>";
		};
		5D1F1DEF20B82C0400BD47B1 /* DrawLogic */ = {
			isa = PBXGroup;
			children = (
				5D1F1DF620B82C0400BD47B1 /* ChartDrawProtocol.h */,
				5D1F1E0320B82C0400BD47B1 /* BaseDrawLogic.h */,
				5D1F1DFB20B82C0400BD47B1 /* BaseDrawLogic.m */,
				5D1F1DF720B82C0400BD47B1 /* KLineBGDrawLogic.h */,
				5D1F1E0620B82C0400BD47B1 /* KLineBGDrawLogic.m */,
				5D1F1E0120B82C0400BD47B1 /* KLineDrawLogic.h */,
				5D1F1DF320B82C0400BD47B1 /* KLineDrawLogic.m */,
				5D1F1DFE20B82C0400BD47B1 /* KLineVolDrawLogic.h */,
				5D1F1DF020B82C0400BD47B1 /* KLineVolDrawLogic.m */,
				5D1F1DF920B82C0400BD47B1 /* KLineTimeDrawLogic.h */,
				5D1F1E0420B82C0400BD47B1 /* KLineTimeDrawLogic.m */,
				5D1F1E0220B82C0400BD47B1 /* KLineMADrawLogic.h */,
				5D1F1DFA20B82C0400BD47B1 /* KLineMADrawLogic.m */,
				5D1F1DFF20B82C0400BD47B1 /* KLineVolMADrawLogic.h */,
				5D1F1DF520B82C0400BD47B1 /* KLineVolMADrawLogic.m */,
				5D1F1DF120B82C0400BD47B1 /* KLineMACDDrawLogic.h */,
				5D1F1DFD20B82C0400BD47B1 /* KLineMACDDrawLogic.m */,
				5D1F1DF420B82C0400BD47B1 /* KLineBOLLDrawLogic.h */,
				5D1F1E0020B82C0400BD47B1 /* KLineBOLLDrawLogic.m */,
				5D1F1DF820B82C0400BD47B1 /* KLineKDJDrawLogic.h */,
				5D1F1E0520B82C0400BD47B1 /* KLineKDJDrawLogic.m */,
				5D1F1DF220B82C0400BD47B1 /* KLineRSIDrawLogic.h */,
				5D1F1DFC20B82C0400BD47B1 /* KLineRSIDrawLogic.m */,
			);
			path = DrawLogic;
			sourceTree = "<group>";
		};
		5D1F1E0720B82C0400BD47B1 /* Model */ = {
			isa = PBXGroup;
			children = (
				5D1F1E0920B82C0400BD47B1 /* KLineModel.h */,
				5D1F1E0820B82C0400BD47B1 /* KLineModel.m */,
			);
			path = Model;
			sourceTree = "<group>";
		};
		5D1F1E1F20B82C6F00BD47B1 /* CustomKLineView */ = {
			isa = PBXGroup;
			children = (
				5D1F1E2F20B83AE500BD47B1 /* SimpleKLineVolView.h */,
				5D1F1E3020B83AE500BD47B1 /* SimpleKLineVolView.m */,
			);
			path = CustomKLineView;
			sourceTree = "<group>";
		};
		5D1F1E2020B82E6600BD47B1 /* ViewController */ = {
			isa = PBXGroup;
			children = (
				5D1F1E2320B8375E00BD47B1 /* PortraitTestController.h */,
				5D1F1E2420B8375E00BD47B1 /* PortraitTestController.m */,
				5D1F1E2620B8378100BD47B1 /* LandscapeController.h */,
				5D1F1E2720B8378100BD47B1 /* LandscapeController.m */,
				5D1F1E2920B837AC00BD47B1 /* BothController.h */,
				5D1F1E2A20B837AC00BD47B1 /* BothController.m */,
			);
			path = ViewController;
			sourceTree = "<group>";
		};
		5D1F1E2120B82E6D00BD47B1 /* DataProcess */ = {
			isa = PBXGroup;
			children = (
				5D1F1E2C20B8385600BD47B1 /* KLineDataProcess.h */,
				5D1F1E2D20B8385600BD47B1 /* KLineDataProcess.m */,
			);
			path = DataProcess;
			sourceTree = "<group>";
		};
/* End PBXGroup section */

/* Begin PBXNativeTarget section */
		5D1F1D8A20B8289D00BD47B1 /* GLKLineKit */ = {
			isa = PBXNativeTarget;
			buildConfigurationList = 5D1F1DB720B8289E00BD47B1 /* Build configuration list for PBXNativeTarget "GLKLineKit" */;
			buildPhases = (
				5D1F1D8720B8289D00BD47B1 /* Sources */,
				5D1F1D8820B8289D00BD47B1 /* Frameworks */,
				5D1F1D8920B8289D00BD47B1 /* Resources */,
			);
			buildRules = (
			);
			dependencies = (
			);
			name = GLKLineKit;
			productName = GLKLineKit;
			productReference = 5D1F1D8B20B8289D00BD47B1 /* GLKLineKit.app */;
			productType = "com.apple.product-type.application";
		};
		5D1F1DA220B8289E00BD47B1 /* GLKLineKitTests */ = {
			isa = PBXNativeTarget;
			buildConfigurationList = 5D1F1DBA20B8289E00BD47B1 /* Build configuration list for PBXNativeTarget "GLKLineKitTests" */;
			buildPhases = (
				5D1F1D9F20B8289E00BD47B1 /* Sources */,
				5D1F1DA020B8289E00BD47B1 /* Frameworks */,
				5D1F1DA120B8289E00BD47B1 /* Resources */,
			);
			buildRules = (
			);
			dependencies = (
				5D1F1DA520B8289E00BD47B1 /* PBXTargetDependency */,
			);
			name = GLKLineKitTests;
			productName = GLKLineKitTests;
			productReference = 5D1F1DA320B8289E00BD47B1 /* GLKLineKitTests.xctest */;
			productType = "com.apple.product-type.bundle.unit-test";
		};
		5D1F1DAD20B8289E00BD47B1 /* GLKLineKitUITests */ = {
			isa = PBXNativeTarget;
			buildConfigurationList = 5D1F1DBD20B8289E00BD47B1 /* Build configuration list for PBXNativeTarget "GLKLineKitUITests" */;
			buildPhases = (
				5D1F1DAA20B8289E00BD47B1 /* Sources */,
				5D1F1DAB20B8289E00BD47B1 /* Frameworks */,
				5D1F1DAC20B8289E00BD47B1 /* Resources */,
			);
			buildRules = (
			);
			dependencies = (
				5D1F1DB020B8289E00BD47B1 /* PBXTargetDependency */,
			);
			name = GLKLineKitUITests;
			productName = GLKLineKitUITests;
			productReference = 5D1F1DAE20B8289E00BD47B1 /* GLKLineKitUITests.xctest */;
			productType = "com.apple.product-type.bundle.ui-testing";
		};
/* End PBXNativeTarget section */

/* Begin PBXProject section */
		5D1F1D8320B8289D00BD47B1 /* Project object */ = {
			isa = PBXProject;
			attributes = {
				LastUpgradeCheck = 0930;
				ORGANIZATIONNAME = walker;
				TargetAttributes = {
					5D1F1D8A20B8289D00BD47B1 = {
						CreatedOnToolsVersion = 9.3.1;
					};
					5D1F1DA220B8289E00BD47B1 = {
						CreatedOnToolsVersion = 9.3.1;
						TestTargetID = 5D1F1D8A20B8289D00BD47B1;
					};
					5D1F1DAD20B8289E00BD47B1 = {
						CreatedOnToolsVersion = 9.3.1;
						TestTargetID = 5D1F1D8A20B8289D00BD47B1;
					};
				};
			};
			buildConfigurationList = 5D1F1D8620B8289D00BD47B1 /* Build configuration list for PBXProject "GLKLineKit" */;
			compatibilityVersion = "Xcode 9.3";
			developmentRegion = en;
			hasScannedForEncodings = 0;
			knownRegions = (
				en,
				Base,
			);
			mainGroup = 5D1F1D8220B8289D00BD47B1;
			productRefGroup = 5D1F1D8C20B8289D00BD47B1 /* Products */;
			projectDirPath = "";
			projectRoot = "";
			targets = (
				5D1F1D8A20B8289D00BD47B1 /* GLKLineKit */,
				5D1F1DA220B8289E00BD47B1 /* GLKLineKitTests */,
				5D1F1DAD20B8289E00BD47B1 /* GLKLineKitUITests */,
			);
		};
/* End PBXProject section */

/* Begin PBXResourcesBuildPhase section */
		5D1F1D8920B8289D00BD47B1 /* Resources */ = {
			isa = PBXResourcesBuildPhase;
			buildActionMask = 2147483647;
			files = (
				5DE110E120B83F4600277399 /* LaunchScreen.storyboard in Resources */,
				5DE110E020B83F3800277399 /* Info.plist in Resources */,
				5D1F1D9820B8289E00BD47B1 /* Assets.xcassets in Resources */,
			);
			runOnlyForDeploymentPostprocessing = 0;
		};
		5D1F1DA120B8289E00BD47B1 /* Resources */ = {
			isa = PBXResourcesBuildPhase;
			buildActionMask = 2147483647;
			files = (
			);
			runOnlyForDeploymentPostprocessing = 0;
		};
		5D1F1DAC20B8289E00BD47B1 /* Resources */ = {
			isa = PBXResourcesBuildPhase;
			buildActionMask = 2147483647;
			files = (
			);
			runOnlyForDeploymentPostprocessing = 0;
		};
/* End PBXResourcesBuildPhase section */

/* Begin PBXSourcesBuildPhase section */
		5D1F1D8720B8289D00BD47B1 /* Sources */ = {
			isa = PBXSourcesBuildPhase;
			buildActionMask = 2147483647;
			files = (
				5D1F1E2520B8375E00BD47B1 /* PortraitTestController.m in Sources */,
				5D1F1E2820B8378100BD47B1 /* LandscapeController.m in Sources */,
				5D1F1E1620B82C0400BD47B1 /* KLineMADrawLogic.m in Sources */,
				5D1F1E0F20B82C0400BD47B1 /* KLineView.m in Sources */,
				5D1F1E1C20B82C0400BD47B1 /* KLineKDJDrawLogic.m in Sources */,
				5D1F1E2E20B8385600BD47B1 /* KLineDataProcess.m in Sources */,
				5D1F1E1020B82C0400BD47B1 /* KLineDataLogic.m in Sources */,
				5D1F1DD320B82BFB00BD47B1 /* UIView+CenterLoading.m in Sources */,
				5D1F1DCB20B82A4300BD47B1 /* main.m in Sources */,
				5D1F1E0C20B82C0400BD47B1 /* NSNumber+StringFormatter.m in Sources */,
				5D1F1E1420B82C0400BD47B1 /* KLineDrawLogic.m in Sources */,
				5D1F1E1E20B82C0400BD47B1 /* KLineModel.m in Sources */,
				5D1F1E0E20B82C0400BD47B1 /* ConstantDefinition.m in Sources */,
				5D1F1E2B20B837AC00BD47B1 /* BothController.m in Sources */,
				5D1F1E3120B83AE500BD47B1 /* SimpleKLineVolView.m in Sources */,
				5D1F1E1120B82C0400BD47B1 /* KLineIndicatorLogic.m in Sources */,
				5D1F1DCA20B82A4300BD47B1 /* ViewController.m in Sources */,
				5D1F1E1A20B82C0400BD47B1 /* KLineBOLLDrawLogic.m in Sources */,
				5D1F1E1D20B82C0400BD47B1 /* KLineBGDrawLogic.m in Sources */,
				5D1F1E1920B82C0400BD47B1 /* KLineMACDDrawLogic.m in Sources */,
				5D1F1E0B20B82C0400BD47B1 /* KLineViewConfig.m in Sources */,
				5D1F1E0D20B82C0400BD47B1 /* NSValue+GLExtremeValue.m in Sources */,
				5D1F1E1B20B82C0400BD47B1 /* KLineTimeDrawLogic.m in Sources */,
				5D1F1E1720B82C0400BD47B1 /* BaseDrawLogic.m in Sources */,
				5D1F1DCC20B82A4300BD47B1 /* AppDelegate.m in Sources */,
				5D1F1E1320B82C0400BD47B1 /* KLineVolDrawLogic.m in Sources */,
				5DE0140820B84310006CE8D3 /* KLineVolViewConfig.m in Sources */,
				5D1F1E1520B82C0400BD47B1 /* KLineVolMADrawLogic.m in Sources */,
				5D1F1E1820B82C0400BD47B1 /* KLineRSIDrawLogic.m in Sources */,
				5D1F1E1220B82C0400BD47B1 /* DataCenter.m in Sources */,
			);
			runOnlyForDeploymentPostprocessing = 0;
		};
		5D1F1D9F20B8289E00BD47B1 /* Sources */ = {
			isa = PBXSourcesBuildPhase;
			buildActionMask = 2147483647;
			files = (
				5D1F1DA820B8289E00BD47B1 /* GLKLineKitTests.m in Sources */,
			);
			runOnlyForDeploymentPostprocessing = 0;
		};
		5D1F1DAA20B8289E00BD47B1 /* Sources */ = {
			isa = PBXSourcesBuildPhase;
			buildActionMask = 2147483647;
			files = (
				5D1F1DB320B8289E00BD47B1 /* GLKLineKitUITests.m in Sources */,
			);
			runOnlyForDeploymentPostprocessing = 0;
		};
/* End PBXSourcesBuildPhase section */

/* Begin PBXTargetDependency section */
		5D1F1DA520B8289E00BD47B1 /* PBXTargetDependency */ = {
			isa = PBXTargetDependency;
			target = 5D1F1D8A20B8289D00BD47B1 /* GLKLineKit */;
			targetProxy = 5D1F1DA420B8289E00BD47B1 /* PBXContainerItemProxy */;
		};
		5D1F1DB020B8289E00BD47B1 /* PBXTargetDependency */ = {
			isa = PBXTargetDependency;
			target = 5D1F1D8A20B8289D00BD47B1 /* GLKLineKit */;
			targetProxy = 5D1F1DAF20B8289E00BD47B1 /* PBXContainerItemProxy */;
		};
/* End PBXTargetDependency section */

/* Begin PBXVariantGroup section */
		5D1F1D9920B8289E00BD47B1 /* LaunchScreen.storyboard */ = {
			isa = PBXVariantGroup;
			children = (
				5D1F1D9A20B8289E00BD47B1 /* Base */,
			);
			name = LaunchScreen.storyboard;
			sourceTree = "<group>";
		};
/* End PBXVariantGroup section */

/* Begin XCBuildConfiguration section */
		5D1F1DB520B8289E00BD47B1 /* Debug */ = {
			isa = XCBuildConfiguration;
			buildSettings = {
				ALWAYS_SEARCH_USER_PATHS = NO;
				CLANG_ANALYZER_NONNULL = YES;
				CLANG_ANALYZER_NUMBER_OBJECT_CONVERSION = YES_AGGRESSIVE;
				CLANG_CXX_LANGUAGE_STANDARD = "gnu++14";
				CLANG_CXX_LIBRARY = "libc++";
				CLANG_ENABLE_MODULES = YES;
				CLANG_ENABLE_OBJC_ARC = YES;
				CLANG_ENABLE_OBJC_WEAK = YES;
				CLANG_WARN_BLOCK_CAPTURE_AUTORELEASING = YES;
				CLANG_WARN_BOOL_CONVERSION = YES;
				CLANG_WARN_COMMA = YES;
				CLANG_WARN_CONSTANT_CONVERSION = YES;
				CLANG_WARN_DEPRECATED_OBJC_IMPLEMENTATIONS = YES;
				CLANG_WARN_DIRECT_OBJC_ISA_USAGE = YES_ERROR;
				CLANG_WARN_DOCUMENTATION_COMMENTS = YES;
				CLANG_WARN_EMPTY_BODY = YES;
				CLANG_WARN_ENUM_CONVERSION = YES;
				CLANG_WARN_INFINITE_RECURSION = YES;
				CLANG_WARN_INT_CONVERSION = YES;
				CLANG_WARN_NON_LITERAL_NULL_CONVERSION = YES;
				CLANG_WARN_OBJC_IMPLICIT_RETAIN_SELF = YES;
				CLANG_WARN_OBJC_LITERAL_CONVERSION = YES;
				CLANG_WARN_OBJC_ROOT_CLASS = YES_ERROR;
				CLANG_WARN_RANGE_LOOP_ANALYSIS = YES;
				CLANG_WARN_STRICT_PROTOTYPES = YES;
				CLANG_WARN_SUSPICIOUS_MOVE = YES;
				CLANG_WARN_UNGUARDED_AVAILABILITY = YES_AGGRESSIVE;
				CLANG_WARN_UNREACHABLE_CODE = YES;
				CLANG_WARN__DUPLICATE_METHOD_MATCH = YES;
				CODE_SIGN_IDENTITY = "iPhone Developer";
				COPY_PHASE_STRIP = NO;
				DEBUG_INFORMATION_FORMAT = dwarf;
				ENABLE_STRICT_OBJC_MSGSEND = YES;
				ENABLE_TESTABILITY = YES;
				GCC_C_LANGUAGE_STANDARD = gnu11;
				GCC_DYNAMIC_NO_PIC = NO;
				GCC_NO_COMMON_BLOCKS = YES;
				GCC_OPTIMIZATION_LEVEL = 0;
				GCC_PREPROCESSOR_DEFINITIONS = (
					"DEBUG=1",
					"$(inherited)",
				);
				GCC_WARN_64_TO_32_BIT_CONVERSION = YES;
				GCC_WARN_ABOUT_RETURN_TYPE = YES_ERROR;
				GCC_WARN_UNDECLARED_SELECTOR = YES;
				GCC_WARN_UNINITIALIZED_AUTOS = YES_AGGRESSIVE;
				GCC_WARN_UNUSED_FUNCTION = YES;
				GCC_WARN_UNUSED_VARIABLE = YES;
				IPHONEOS_DEPLOYMENT_TARGET = 11.3;
				MTL_ENABLE_DEBUG_INFO = YES;
				ONLY_ACTIVE_ARCH = YES;
				SDKROOT = iphoneos;
			};
			name = Debug;
		};
		5D1F1DB620B8289E00BD47B1 /* Release */ = {
			isa = XCBuildConfiguration;
			buildSettings = {
				ALWAYS_SEARCH_USER_PATHS = NO;
				CLANG_ANALYZER_NONNULL = YES;
				CLANG_ANALYZER_NUMBER_OBJECT_CONVERSION = YES_AGGRESSIVE;
				CLANG_CXX_LANGUAGE_STANDARD = "gnu++14";
				CLANG_CXX_LIBRARY = "libc++";
				CLANG_ENABLE_MODULES = YES;
				CLANG_ENABLE_OBJC_ARC = YES;
				CLANG_ENABLE_OBJC_WEAK = YES;
				CLANG_WARN_BLOCK_CAPTURE_AUTORELEASING = YES;
				CLANG_WARN_BOOL_CONVERSION = YES;
				CLANG_WARN_COMMA = YES;
				CLANG_WARN_CONSTANT_CONVERSION = YES;
				CLANG_WARN_DEPRECATED_OBJC_IMPLEMENTATIONS = YES;
				CLANG_WARN_DIRECT_OBJC_ISA_USAGE = YES_ERROR;
				CLANG_WARN_DOCUMENTATION_COMMENTS = YES;
				CLANG_WARN_EMPTY_BODY = YES;
				CLANG_WARN_ENUM_CONVERSION = YES;
				CLANG_WARN_INFINITE_RECURSION = YES;
				CLANG_WARN_INT_CONVERSION = YES;
				CLANG_WARN_NON_LITERAL_NULL_CONVERSION = YES;
				CLANG_WARN_OBJC_IMPLICIT_RETAIN_SELF = YES;
				CLANG_WARN_OBJC_LITERAL_CONVERSION = YES;
				CLANG_WARN_OBJC_ROOT_CLASS = YES_ERROR;
				CLANG_WARN_RANGE_LOOP_ANALYSIS = YES;
				CLANG_WARN_STRICT_PROTOTYPES = YES;
				CLANG_WARN_SUSPICIOUS_MOVE = YES;
				CLANG_WARN_UNGUARDED_AVAILABILITY = YES_AGGRESSIVE;
				CLANG_WARN_UNREACHABLE_CODE = YES;
				CLANG_WARN__DUPLICATE_METHOD_MATCH = YES;
				CODE_SIGN_IDENTITY = "iPhone Developer";
				COPY_PHASE_STRIP = NO;
				DEBUG_INFORMATION_FORMAT = "dwarf-with-dsym";
				ENABLE_NS_ASSERTIONS = NO;
				ENABLE_STRICT_OBJC_MSGSEND = YES;
				GCC_C_LANGUAGE_STANDARD = gnu11;
				GCC_NO_COMMON_BLOCKS = YES;
				GCC_WARN_64_TO_32_BIT_CONVERSION = YES;
				GCC_WARN_ABOUT_RETURN_TYPE = YES_ERROR;
				GCC_WARN_UNDECLARED_SELECTOR = YES;
				GCC_WARN_UNINITIALIZED_AUTOS = YES_AGGRESSIVE;
				GCC_WARN_UNUSED_FUNCTION = YES;
				GCC_WARN_UNUSED_VARIABLE = YES;
				IPHONEOS_DEPLOYMENT_TARGET = 11.3;
				MTL_ENABLE_DEBUG_INFO = NO;
				SDKROOT = iphoneos;
				VALIDATE_PRODUCT = YES;
			};
			name = Release;
		};
		5D1F1DB820B8289E00BD47B1 /* Debug */ = {
			isa = XCBuildConfiguration;
			buildSettings = {
				ASSETCATALOG_COMPILER_APPICON_NAME = AppIcon;
				CODE_SIGN_STYLE = Automatic;
				DEVELOPMENT_TEAM = 3A2K24E22F;
				GCC_PREFIX_HEADER = "$(SRCROOT)/GLKLineKit/Main/PrefixHeader.pch";
				INFOPLIST_FILE = "$(SRCROOT)/GLKLineKit/Main/Info.plist";
				IPHONEOS_DEPLOYMENT_TARGET = 8.0;
				LD_RUNPATH_SEARCH_PATHS = (
					"$(inherited)",
					"@executable_path/Frameworks",
				);
				PRODUCT_BUNDLE_IDENTIFIER = com.NewTestDemo.gl;
				PRODUCT_NAME = "$(TARGET_NAME)";
				TARGETED_DEVICE_FAMILY = "1,2";
			};
			name = Debug;
		};
		5D1F1DB920B8289E00BD47B1 /* Release */ = {
			isa = XCBuildConfiguration;
			buildSettings = {
				ASSETCATALOG_COMPILER_APPICON_NAME = AppIcon;
				CODE_SIGN_STYLE = Automatic;
				DEVELOPMENT_TEAM = 3A2K24E22F;
				GCC_PREFIX_HEADER = "$(SRCROOT)/GLKLineKit/Main/PrefixHeader.pch";
				INFOPLIST_FILE = "$(SRCROOT)/GLKLineKit/Main/Info.plist";
				IPHONEOS_DEPLOYMENT_TARGET = 8.0;
				LD_RUNPATH_SEARCH_PATHS = (
					"$(inherited)",
					"@executable_path/Frameworks",
				);
				PRODUCT_BUNDLE_IDENTIFIER = com.NewTestDemo.gl;
				PRODUCT_NAME = "$(TARGET_NAME)";
				TARGETED_DEVICE_FAMILY = "1,2";
			};
			name = Release;
		};
		5D1F1DBB20B8289E00BD47B1 /* Debug */ = {
			isa = XCBuildConfiguration;
			buildSettings = {
				BUNDLE_LOADER = "$(TEST_HOST)";
				CODE_SIGN_STYLE = Automatic;
				DEVELOPMENT_TEAM = 3A2K24E22F;
				INFOPLIST_FILE = GLKLineKitTests/Info.plist;
				LD_RUNPATH_SEARCH_PATHS = (
					"$(inherited)",
					"@executable_path/Frameworks",
					"@loader_path/Frameworks",
				);
				PRODUCT_BUNDLE_IDENTIFIER = walker.GLKLineKitTests;
				PRODUCT_NAME = "$(TARGET_NAME)";
				TARGETED_DEVICE_FAMILY = "1,2";
				TEST_HOST = "$(BUILT_PRODUCTS_DIR)/GLKLineKit.app/GLKLineKit";
			};
			name = Debug;
		};
		5D1F1DBC20B8289E00BD47B1 /* Release */ = {
			isa = XCBuildConfiguration;
			buildSettings = {
				BUNDLE_LOADER = "$(TEST_HOST)";
				CODE_SIGN_STYLE = Automatic;
				DEVELOPMENT_TEAM = 3A2K24E22F;
				INFOPLIST_FILE = GLKLineKitTests/Info.plist;
				LD_RUNPATH_SEARCH_PATHS = (
					"$(inherited)",
					"@executable_path/Frameworks",
					"@loader_path/Frameworks",
				);
				PRODUCT_BUNDLE_IDENTIFIER = walker.GLKLineKitTests;
				PRODUCT_NAME = "$(TARGET_NAME)";
				TARGETED_DEVICE_FAMILY = "1,2";
				TEST_HOST = "$(BUILT_PRODUCTS_DIR)/GLKLineKit.app/GLKLineKit";
			};
			name = Release;
		};
		5D1F1DBE20B8289E00BD47B1 /* Debug */ = {
			isa = XCBuildConfiguration;
			buildSettings = {
				CODE_SIGN_STYLE = Automatic;
				DEVELOPMENT_TEAM = 3A2K24E22F;
				INFOPLIST_FILE = GLKLineKitUITests/Info.plist;
				LD_RUNPATH_SEARCH_PATHS = (
					"$(inherited)",
					"@executable_path/Frameworks",
					"@loader_path/Frameworks",
				);
				PRODUCT_BUNDLE_IDENTIFIER = walker.GLKLineKitUITests;
				PRODUCT_NAME = "$(TARGET_NAME)";
				TARGETED_DEVICE_FAMILY = "1,2";
				TEST_TARGET_NAME = GLKLineKit;
			};
			name = Debug;
		};
		5D1F1DBF20B8289E00BD47B1 /* Release */ = {
			isa = XCBuildConfiguration;
			buildSettings = {
				CODE_SIGN_STYLE = Automatic;
				DEVELOPMENT_TEAM = 3A2K24E22F;
				INFOPLIST_FILE = GLKLineKitUITests/Info.plist;
				LD_RUNPATH_SEARCH_PATHS = (
					"$(inherited)",
					"@executable_path/Frameworks",
					"@loader_path/Frameworks",
				);
				PRODUCT_BUNDLE_IDENTIFIER = walker.GLKLineKitUITests;
				PRODUCT_NAME = "$(TARGET_NAME)";
				TARGETED_DEVICE_FAMILY = "1,2";
				TEST_TARGET_NAME = GLKLineKit;
			};
			name = Release;
		};
/* End XCBuildConfiguration section */

/* Begin XCConfigurationList section */
		5D1F1D8620B8289D00BD47B1 /* Build configuration list for PBXProject "GLKLineKit" */ = {
			isa = XCConfigurationList;
			buildConfigurations = (
				5D1F1DB520B8289E00BD47B1 /* Debug */,
				5D1F1DB620B8289E00BD47B1 /* Release */,
			);
			defaultConfigurationIsVisible = 0;
			defaultConfigurationName = Release;
		};
		5D1F1DB720B8289E00BD47B1 /* Build configuration list for PBXNativeTarget "GLKLineKit" */ = {
			isa = XCConfigurationList;
			buildConfigurations = (
				5D1F1DB820B8289E00BD47B1 /* Debug */,
				5D1F1DB920B8289E00BD47B1 /* Release */,
			);
			defaultConfigurationIsVisible = 0;
			defaultConfigurationName = Release;
		};
		5D1F1DBA20B8289E00BD47B1 /* Build configuration list for PBXNativeTarget "GLKLineKitTests" */ = {
			isa = XCConfigurationList;
			buildConfigurations = (
				5D1F1DBB20B8289E00BD47B1 /* Debug */,
				5D1F1DBC20B8289E00BD47B1 /* Release */,
			);
			defaultConfigurationIsVisible = 0;
			defaultConfigurationName = Release;
		};
		5D1F1DBD20B8289E00BD47B1 /* Build configuration list for PBXNativeTarget "GLKLineKitUITests" */ = {
			isa = XCConfigurationList;
			buildConfigurations = (
				5D1F1DBE20B8289E00BD47B1 /* Debug */,
				5D1F1DBF20B8289E00BD47B1 /* Release */,
			);
			defaultConfigurationIsVisible = 0;
			defaultConfigurationName = Release;
		};
/* End XCConfigurationList section */
	};
	rootObject = 5D1F1D8320B8289D00BD47B1 /* Project object */;
}
